// !$*UTF8*$!
{
	archiveVersion = 1;
	classes = {
	};
	objectVersion = 50;
	objects = {

/* Begin PBXBuildFile section */
		CB05FABC239ECD7600C8DFC2 /* TraductionViewController.swift in Sources */ = {isa = PBXBuildFile; fileRef = CB05FABB239ECD7600C8DFC2 /* TraductionViewController.swift */; };
		CB05FABD239ECD7600C8DFC2 /* TraductionViewController.swift in Sources */ = {isa = PBXBuildFile; fileRef = CB05FABB239ECD7600C8DFC2 /* TraductionViewController.swift */; };
		CB05FABE239ECD7600C8DFC2 /* TraductionViewController.swift in Sources */ = {isa = PBXBuildFile; fileRef = CB05FABB239ECD7600C8DFC2 /* TraductionViewController.swift */; };
		CB05FAC0239ECD9200C8DFC2 /* ExchangeRateViewController.swift in Sources */ = {isa = PBXBuildFile; fileRef = CB05FABF239ECD9200C8DFC2 /* ExchangeRateViewController.swift */; };
		CB05FAC1239ECD9200C8DFC2 /* ExchangeRateViewController.swift in Sources */ = {isa = PBXBuildFile; fileRef = CB05FABF239ECD9200C8DFC2 /* ExchangeRateViewController.swift */; };
		CB05FAC2239ECD9200C8DFC2 /* ExchangeRateViewController.swift in Sources */ = {isa = PBXBuildFile; fileRef = CB05FABF239ECD9200C8DFC2 /* ExchangeRateViewController.swift */; };
		CB467BA92384EDC7003C9885 /* MeteoViewController.swift in Sources */ = {isa = PBXBuildFile; fileRef = CB467BA82384EDC7003C9885 /* MeteoViewController.swift */; };
		CB467BAA2384EDC7003C9885 /* MeteoViewController.swift in Sources */ = {isa = PBXBuildFile; fileRef = CB467BA82384EDC7003C9885 /* MeteoViewController.swift */; };
		CB467BAB2384EDC7003C9885 /* MeteoViewController.swift in Sources */ = {isa = PBXBuildFile; fileRef = CB467BA82384EDC7003C9885 /* MeteoViewController.swift */; };
		CB8C29E6237E2F93001F2A9D /* AppDelegate.swift in Sources */ = {isa = PBXBuildFile; fileRef = CB8C29E5237E2F93001F2A9D /* AppDelegate.swift */; };
		CB8C29E8237E2F93001F2A9D /* SceneDelegate.swift in Sources */ = {isa = PBXBuildFile; fileRef = CB8C29E7237E2F93001F2A9D /* SceneDelegate.swift */; };
		CB8C29ED237E2F93001F2A9D /* Main.storyboard in Resources */ = {isa = PBXBuildFile; fileRef = CB8C29EB237E2F93001F2A9D /* Main.storyboard */; };
		CB8C29EF237E2F9C001F2A9D /* Assets.xcassets in Resources */ = {isa = PBXBuildFile; fileRef = CB8C29EE237E2F9C001F2A9D /* Assets.xcassets */; };
		CB8C29F2237E2F9C001F2A9D /* LaunchScreen.storyboard in Resources */ = {isa = PBXBuildFile; fileRef = CB8C29F0237E2F9C001F2A9D /* LaunchScreen.storyboard */; };
		CB8C29FD237E2F9D001F2A9D /* BaluchonTests.swift in Sources */ = {isa = PBXBuildFile; fileRef = CB8C29FC237E2F9D001F2A9D /* BaluchonTests.swift */; };
		CB8C2A08237E2F9D001F2A9D /* BaluchonUITests.swift in Sources */ = {isa = PBXBuildFile; fileRef = CB8C2A07237E2F9D001F2A9D /* BaluchonUITests.swift */; };
		CB8C2A17237E2FD2001F2A9D /* Default-568h@2x.png in Resources */ = {isa = PBXBuildFile; fileRef = CB8C2A16237E2FD2001F2A9D /* Default-568h@2x.png */; };
/* End PBXBuildFile section */

/* Begin PBXContainerItemProxy section */
		CB8C29F9237E2F9D001F2A9D /* PBXContainerItemProxy */ = {
			isa = PBXContainerItemProxy;
			containerPortal = CB8C29DA237E2F92001F2A9D /* Project object */;
			proxyType = 1;
			remoteGlobalIDString = CB8C29E1237E2F93001F2A9D;
			remoteInfo = Baluchon;
		};
		CB8C2A04237E2F9D001F2A9D /* PBXContainerItemProxy */ = {
			isa = PBXContainerItemProxy;
			containerPortal = CB8C29DA237E2F92001F2A9D /* Project object */;
			proxyType = 1;
			remoteGlobalIDString = CB8C29E1237E2F93001F2A9D;
			remoteInfo = Baluchon;
		};
/* End PBXContainerItemProxy section */

/* Begin PBXFileReference section */
		CB05FABB239ECD7600C8DFC2 /* TraductionViewController.swift */ = {isa = PBXFileReference; lastKnownFileType = sourcecode.swift; path = TraductionViewController.swift; sourceTree = "<group>"; };
		CB05FABF239ECD9200C8DFC2 /* ExchangeRateViewController.swift */ = {isa = PBXFileReference; lastKnownFileType = sourcecode.swift; path = ExchangeRateViewController.swift; sourceTree = "<group>"; };
		CB467BA82384EDC7003C9885 /* MeteoViewController.swift */ = {isa = PBXFileReference; lastKnownFileType = sourcecode.swift; path = MeteoViewController.swift; sourceTree = "<group>"; };
		CB8C29E2237E2F93001F2A9D /* Baluchon.app */ = {isa = PBXFileReference; explicitFileType = wrapper.application; includeInIndex = 0; path = Baluchon.app; sourceTree = BUILT_PRODUCTS_DIR; };
		CB8C29E5237E2F93001F2A9D /* AppDelegate.swift */ = {isa = PBXFileReference; lastKnownFileType = sourcecode.swift; path = AppDelegate.swift; sourceTree = "<group>"; };
		CB8C29E7237E2F93001F2A9D /* SceneDelegate.swift */ = {isa = PBXFileReference; lastKnownFileType = sourcecode.swift; path = SceneDelegate.swift; sourceTree = "<group>"; };
		CB8C29EC237E2F93001F2A9D /* Base */ = {isa = PBXFileReference; lastKnownFileType = file.storyboard; name = Base; path = Base.lproj/Main.storyboard; sourceTree = "<group>"; };
		CB8C29EE237E2F9C001F2A9D /* Assets.xcassets */ = {isa = PBXFileReference; lastKnownFileType = folder.assetcatalog; path = Assets.xcassets; sourceTree = "<group>"; };
		CB8C29F1237E2F9C001F2A9D /* Base */ = {isa = PBXFileReference; lastKnownFileType = file.storyboard; name = Base; path = Base.lproj/LaunchScreen.storyboard; sourceTree = "<group>"; };
		CB8C29F3237E2F9C001F2A9D /* Info.plist */ = {isa = PBXFileReference; lastKnownFileType = text.plist.xml; path = Info.plist; sourceTree = "<group>"; };
		CB8C29F8237E2F9D001F2A9D /* BaluchonTests.xctest */ = {isa = PBXFileReference; explicitFileType = wrapper.cfbundle; includeInIndex = 0; path = BaluchonTests.xctest; sourceTree = BUILT_PRODUCTS_DIR; };
		CB8C29FC237E2F9D001F2A9D /* BaluchonTests.swift */ = {isa = PBXFileReference; lastKnownFileType = sourcecode.swift; path = BaluchonTests.swift; sourceTree = "<group>"; };
		CB8C29FE237E2F9D001F2A9D /* Info.plist */ = {isa = PBXFileReference; lastKnownFileType = text.plist.xml; path = Info.plist; sourceTree = "<group>"; };
		CB8C2A03237E2F9D001F2A9D /* BaluchonUITests.xctest */ = {isa = PBXFileReference; explicitFileType = wrapper.cfbundle; includeInIndex = 0; path = BaluchonUITests.xctest; sourceTree = BUILT_PRODUCTS_DIR; };
		CB8C2A07237E2F9D001F2A9D /* BaluchonUITests.swift */ = {isa = PBXFileReference; lastKnownFileType = sourcecode.swift; path = BaluchonUITests.swift; sourceTree = "<group>"; };
		CB8C2A09237E2F9D001F2A9D /* Info.plist */ = {isa = PBXFileReference; lastKnownFileType = text.plist.xml; path = Info.plist; sourceTree = "<group>"; };
		CB8C2A16237E2FD2001F2A9D /* Default-568h@2x.png */ = {isa = PBXFileReference; lastKnownFileType = image.png; path = "Default-568h@2x.png"; sourceTree = "<group>"; };
/* End PBXFileReference section */

/* Begin PBXFrameworksBuildPhase section */
		CB8C29DF237E2F93001F2A9D /* Frameworks */ = {
			isa = PBXFrameworksBuildPhase;
			buildActionMask = 2147483647;
			files = (
			);
			runOnlyForDeploymentPostprocessing = 0;
		};
		CB8C29F5237E2F9D001F2A9D /* Frameworks */ = {
			isa = PBXFrameworksBuildPhase;
			buildActionMask = 2147483647;
			files = (
			);
			runOnlyForDeploymentPostprocessing = 0;
		};
		CB8C2A00237E2F9D001F2A9D /* Frameworks */ = {
			isa = PBXFrameworksBuildPhase;
			buildActionMask = 2147483647;
			files = (
			);
			runOnlyForDeploymentPostprocessing = 0;
		};
/* End PBXFrameworksBuildPhase section */

/* Begin PBXGroup section */
		CB8C29D9237E2F92001F2A9D = {
			isa = PBXGroup;
			children = (
				CB8C29E4237E2F93001F2A9D /* Baluchon */,
				CB8C29FB237E2F9D001F2A9D /* BaluchonTests */,
				CB8C2A06237E2F9D001F2A9D /* BaluchonUITests */,
				CB8C29E3237E2F93001F2A9D /* Products */,
			);
			sourceTree = "<group>";
		};
		CB8C29E3237E2F93001F2A9D /* Products */ = {
			isa = PBXGroup;
			children = (
				CB8C29E2237E2F93001F2A9D /* Baluchon.app */,
				CB8C29F8237E2F9D001F2A9D /* BaluchonTests.xctest */,
				CB8C2A03237E2F9D001F2A9D /* BaluchonUITests.xctest */,
			);
			name = Products;
			sourceTree = "<group>";
		};
		CB8C29E4237E2F93001F2A9D /* Baluchon */ = {
			isa = PBXGroup;
			children = (
				CB8C29F3237E2F9C001F2A9D /* Info.plist */,
				CB8C2A19237E30B1001F2A9D /* Model */,
				CB8C2A1B237E310C001F2A9D /* View */,
				CB8C2A18237E3087001F2A9D /* Controller */,
				CB8C2A15237E2FBA001F2A9D /* Supporting Files */,
			);
			path = Baluchon;
			sourceTree = "<group>";
		};
		CB8C29FB237E2F9D001F2A9D /* BaluchonTests */ = {
			isa = PBXGroup;
			children = (
				CB8C29FC237E2F9D001F2A9D /* BaluchonTests.swift */,
				CB8C29FE237E2F9D001F2A9D /* Info.plist */,
			);
			path = BaluchonTests;
			sourceTree = "<group>";
		};
		CB8C2A06237E2F9D001F2A9D /* BaluchonUITests */ = {
			isa = PBXGroup;
			children = (
				CB8C2A07237E2F9D001F2A9D /* BaluchonUITests.swift */,
				CB8C2A09237E2F9D001F2A9D /* Info.plist */,
			);
			path = BaluchonUITests;
			sourceTree = "<group>";
		};
		CB8C2A15237E2FBA001F2A9D /* Supporting Files */ = {
			isa = PBXGroup;
			children = (
				CB8C29EE237E2F9C001F2A9D /* Assets.xcassets */,
				CB8C2A16237E2FD2001F2A9D /* Default-568h@2x.png */,
				CB8C29E5237E2F93001F2A9D /* AppDelegate.swift */,
				CB8C29E7237E2F93001F2A9D /* SceneDelegate.swift */,
			);
			path = "Supporting Files";
			sourceTree = "<group>";
		};
		CB8C2A18237E3087001F2A9D /* Controller */ = {
			isa = PBXGroup;
			children = (
				CB467BA82384EDC7003C9885 /* MeteoViewController.swift */,
				CB05FABB239ECD7600C8DFC2 /* TraductionViewController.swift */,
				CB05FABF239ECD9200C8DFC2 /* ExchangeRateViewController.swift */,
			);
			path = Controller;
			sourceTree = "<group>";
		};
		CB8C2A19237E30B1001F2A9D /* Model */ = {
			isa = PBXGroup;
			children = (
			);
			path = Model;
			sourceTree = "<group>";
		};
		CB8C2A1B237E310C001F2A9D /* View */ = {
			isa = PBXGroup;
			children = (
				CB8C29EB237E2F93001F2A9D /* Main.storyboard */,
				CB8C29F0237E2F9C001F2A9D /* LaunchScreen.storyboard */,
			);
			path = View;
			sourceTree = "<group>";
		};
/* End PBXGroup section */

/* Begin PBXNativeTarget section */
		CB8C29E1237E2F93001F2A9D /* Baluchon */ = {
			isa = PBXNativeTarget;
			buildConfigurationList = CB8C2A0C237E2F9D001F2A9D /* Build configuration list for PBXNativeTarget "Baluchon" */;
			buildPhases = (
				CB8C29DE237E2F93001F2A9D /* Sources */,
				CB8C29DF237E2F93001F2A9D /* Frameworks */,
				CB8C29E0237E2F93001F2A9D /* Resources */,
			);
			buildRules = (
			);
			dependencies = (
			);
			name = Baluchon;
			productName = Baluchon;
			productReference = CB8C29E2237E2F93001F2A9D /* Baluchon.app */;
			productType = "com.apple.product-type.application";
		};
		CB8C29F7237E2F9D001F2A9D /* BaluchonTests */ = {
			isa = PBXNativeTarget;
			buildConfigurationList = CB8C2A0F237E2F9D001F2A9D /* Build configuration list for PBXNativeTarget "BaluchonTests" */;
			buildPhases = (
				CB8C29F4237E2F9D001F2A9D /* Sources */,
				CB8C29F5237E2F9D001F2A9D /* Frameworks */,
				CB8C29F6237E2F9D001F2A9D /* Resources */,
			);
			buildRules = (
			);
			dependencies = (
				CB8C29FA237E2F9D001F2A9D /* PBXTargetDependency */,
			);
			name = BaluchonTests;
			productName = BaluchonTests;
			productReference = CB8C29F8237E2F9D001F2A9D /* BaluchonTests.xctest */;
			productType = "com.apple.product-type.bundle.unit-test";
		};
		CB8C2A02237E2F9D001F2A9D /* BaluchonUITests */ = {
			isa = PBXNativeTarget;
			buildConfigurationList = CB8C2A12237E2F9D001F2A9D /* Build configuration list for PBXNativeTarget "BaluchonUITests" */;
			buildPhases = (
				CB8C29FF237E2F9D001F2A9D /* Sources */,
				CB8C2A00237E2F9D001F2A9D /* Frameworks */,
				CB8C2A01237E2F9D001F2A9D /* Resources */,
			);
			buildRules = (
			);
			dependencies = (
				CB8C2A05237E2F9D001F2A9D /* PBXTargetDependency */,
			);
			name = BaluchonUITests;
			productName = BaluchonUITests;
			productReference = CB8C2A03237E2F9D001F2A9D /* BaluchonUITests.xctest */;
			productType = "com.apple.product-type.bundle.ui-testing";
		};
/* End PBXNativeTarget section */

/* Begin PBXProject section */
		CB8C29DA237E2F92001F2A9D /* Project object */ = {
			isa = PBXProject;
			attributes = {
				LastSwiftUpdateCheck = 1120;
				LastUpgradeCheck = 1120;
				ORGANIZATIONNAME = "Florian Peyrony";
				TargetAttributes = {
					CB8C29E1237E2F93001F2A9D = {
						CreatedOnToolsVersion = 11.2;
					};
					CB8C29F7237E2F9D001F2A9D = {
						CreatedOnToolsVersion = 11.2;
						TestTargetID = CB8C29E1237E2F93001F2A9D;
					};
					CB8C2A02237E2F9D001F2A9D = {
						CreatedOnToolsVersion = 11.2;
						TestTargetID = CB8C29E1237E2F93001F2A9D;
					};
				};
			};
			buildConfigurationList = CB8C29DD237E2F92001F2A9D /* Build configuration list for PBXProject "Baluchon" */;
			compatibilityVersion = "Xcode 9.3";
			developmentRegion = en;
			hasScannedForEncodings = 0;
			knownRegions = (
				en,
				Base,
			);
			mainGroup = CB8C29D9237E2F92001F2A9D;
			productRefGroup = CB8C29E3237E2F93001F2A9D /* Products */;
			projectDirPath = "";
			projectRoot = "";
			targets = (
				CB8C29E1237E2F93001F2A9D /* Baluchon */,
				CB8C29F7237E2F9D001F2A9D /* BaluchonTests */,
				CB8C2A02237E2F9D001F2A9D /* BaluchonUITests */,
			);
		};
/* End PBXProject section */

/* Begin PBXResourcesBuildPhase section */
		CB8C29E0237E2F93001F2A9D /* Resources */ = {
			isa = PBXResourcesBuildPhase;
			buildActionMask = 2147483647;
			files = (
				CB8C29F2237E2F9C001F2A9D /* LaunchScreen.storyboard in Resources */,
				CB8C2A17237E2FD2001F2A9D /* Default-568h@2x.png in Resources */,
				CB8C29EF237E2F9C001F2A9D /* Assets.xcassets in Resources */,
				CB8C29ED237E2F93001F2A9D /* Main.storyboard in Resources */,
			);
			runOnlyForDeploymentPostprocessing = 0;
		};
		CB8C29F6237E2F9D001F2A9D /* Resources */ = {
			isa = PBXResourcesBuildPhase;
			buildActionMask = 2147483647;
			files = (
			);
			runOnlyForDeploymentPostprocessing = 0;
		};
		CB8C2A01237E2F9D001F2A9D /* Resources */ = {
			isa = PBXResourcesBuildPhase;
			buildActionMask = 2147483647;
			files = (
			);
			runOnlyForDeploymentPostprocessing = 0;
		};
/* End PBXResourcesBuildPhase section */

/* Begin PBXSourcesBuildPhase section */
		CB8C29DE237E2F93001F2A9D /* Sources */ = {
			isa = PBXSourcesBuildPhase;
			buildActionMask = 2147483647;
			files = (
				CB8C29E6237E2F93001F2A9D /* AppDelegate.swift in Sources */,
				CB05FAC0239ECD9200C8DFC2 /* ExchangeRateViewController.swift in Sources */,
				CB05FABC239ECD7600C8DFC2 /* TraductionViewController.swift in Sources */,
				CB8C29E8237E2F93001F2A9D /* SceneDelegate.swift in Sources */,
				CB467BA92384EDC7003C9885 /* MeteoViewController.swift in Sources */,
			);
			runOnlyForDeploymentPostprocessing = 0;
		};
		CB8C29F4237E2F9D001F2A9D /* Sources */ = {
			isa = PBXSourcesBuildPhase;
			buildActionMask = 2147483647;
			files = (
				CB8C29FD237E2F9D001F2A9D /* BaluchonTests.swift in Sources */,
				CB05FABD239ECD7600C8DFC2 /* TraductionViewController.swift in Sources */,
				CB05FAC1239ECD9200C8DFC2 /* ExchangeRateViewController.swift in Sources */,
				CB467BAA2384EDC7003C9885 /* MeteoViewController.swift in Sources */,
			);
			runOnlyForDeploymentPostprocessing = 0;
		};
		CB8C29FF237E2F9D001F2A9D /* Sources */ = {
			isa = PBXSourcesBuildPhase;
			buildActionMask = 2147483647;
			files = (
				CB8C2A08237E2F9D001F2A9D /* BaluchonUITests.swift in Sources */,
				CB05FABE239ECD7600C8DFC2 /* TraductionViewController.swift in Sources */,
				CB05FAC2239ECD9200C8DFC2 /* ExchangeRateViewController.swift in Sources */,
				CB467BAB2384EDC7003C9885 /* MeteoViewController.swift in Sources */,
			);
			runOnlyForDeploymentPostprocessing = 0;
		};
/* End PBXSourcesBuildPhase section */

/* Begin PBXTargetDependency section */
		CB8C29FA237E2F9D001F2A9D /* PBXTargetDependency */ = {
			isa = PBXTargetDependency;
			target = CB8C29E1237E2F93001F2A9D /* Baluchon */;
			targetProxy = CB8C29F9237E2F9D001F2A9D /* PBXContainerItemProxy */;
		};
		CB8C2A05237E2F9D001F2A9D /* PBXTargetDependency */ = {
			isa = PBXTargetDependency;
			target = CB8C29E1237E2F93001F2A9D /* Baluchon */;
			targetProxy = CB8C2A04237E2F9D001F2A9D /* PBXContainerItemProxy */;
		};
/* End PBXTargetDependency section */

/* Begin PBXVariantGroup section */
		CB8C29EB237E2F93001F2A9D /* Main.storyboard */ = {
			isa = PBXVariantGroup;
			children = (
				CB8C29EC237E2F93001F2A9D /* Base */,
			);
			name = Main.storyboard;
			sourceTree = "<group>";
		};
		CB8C29F0237E2F9C001F2A9D /* LaunchScreen.storyboard */ = {
			isa = PBXVariantGroup;
			children = (
				CB8C29F1237E2F9C001F2A9D /* Base */,
			);
			name = LaunchScreen.storyboard;
			sourceTree = "<group>";
		};
/* End PBXVariantGroup section */

/* Begin XCBuildConfiguration section */
		CB8C2A0A237E2F9D001F2A9D /* Debug */ = {
			isa = XCBuildConfiguration;
			buildSettings = {
				ALWAYS_SEARCH_USER_PATHS = NO;
				CLANG_ANALYZER_NONNULL = YES;
				CLANG_ANALYZER_NUMBER_OBJECT_CONVERSION = YES_AGGRESSIVE;
				CLANG_CXX_LANGUAGE_STANDARD = "gnu++14";
				CLANG_CXX_LIBRARY = "libc++";
				CLANG_ENABLE_MODULES = YES;
				CLANG_ENABLE_OBJC_ARC = YES;
				CLANG_ENABLE_OBJC_WEAK = YES;
				CLANG_WARN_BLOCK_CAPTURE_AUTORELEASING = YES;
				CLANG_WARN_BOOL_CONVERSION = YES;
				CLANG_WARN_COMMA = YES;
				CLANG_WARN_CONSTANT_CONVERSION = YES;
				CLANG_WARN_DEPRECATED_OBJC_IMPLEMENTATIONS = YES;
				CLANG_WARN_DIRECT_OBJC_ISA_USAGE = YES_ERROR;
				CLANG_WARN_DOCUMENTATION_COMMENTS = YES;
				CLANG_WARN_EMPTY_BODY = YES;
				CLANG_WARN_ENUM_CONVERSION = YES;
				CLANG_WARN_INFINITE_RECURSION = YES;
				CLANG_WARN_INT_CONVERSION = YES;
				CLANG_WARN_NON_LITERAL_NULL_CONVERSION = YES;
				CLANG_WARN_OBJC_IMPLICIT_RETAIN_SELF = YES;
				CLANG_WARN_OBJC_LITERAL_CONVERSION = YES;
				CLANG_WARN_OBJC_ROOT_CLASS = YES_ERROR;
				CLANG_WARN_RANGE_LOOP_ANALYSIS = YES;
				CLANG_WARN_STRICT_PROTOTYPES = YES;
				CLANG_WARN_SUSPICIOUS_MOVE = YES;
				CLANG_WARN_UNGUARDED_AVAILABILITY = YES_AGGRESSIVE;
				CLANG_WARN_UNREACHABLE_CODE = YES;
				CLANG_WARN__DUPLICATE_METHOD_MATCH = YES;
				COPY_PHASE_STRIP = NO;
				DEBUG_INFORMATION_FORMAT = dwarf;
				ENABLE_STRICT_OBJC_MSGSEND = YES;
				ENABLE_TESTABILITY = YES;
				GCC_C_LANGUAGE_STANDARD = gnu11;
				GCC_DYNAMIC_NO_PIC = NO;
				GCC_NO_COMMON_BLOCKS = YES;
				GCC_OPTIMIZATION_LEVEL = 0;
				GCC_PREPROCESSOR_DEFINITIONS = (
					"DEBUG=1",
					"$(inherited)",
				);
				GCC_WARN_64_TO_32_BIT_CONVERSION = YES;
				GCC_WARN_ABOUT_RETURN_TYPE = YES_ERROR;
				GCC_WARN_UNDECLARED_SELECTOR = YES;
				GCC_WARN_UNINITIALIZED_AUTOS = YES_AGGRESSIVE;
				GCC_WARN_UNUSED_FUNCTION = YES;
				GCC_WARN_UNUSED_VARIABLE = YES;
				IPHONEOS_DEPLOYMENT_TARGET = 13.2;
				MTL_ENABLE_DEBUG_INFO = INCLUDE_SOURCE;
				MTL_FAST_MATH = YES;
				ONLY_ACTIVE_ARCH = YES;
				SDKROOT = iphoneos;
				SWIFT_ACTIVE_COMPILATION_CONDITIONS = DEBUG;
				SWIFT_OPTIMIZATION_LEVEL = "-Onone";
			};
			name = Debug;
		};
		CB8C2A0B237E2F9D001F2A9D /* Release */ = {
			isa = XCBuildConfiguration;
			buildSettings = {
				ALWAYS_SEARCH_USER_PATHS = NO;
				CLANG_ANALYZER_NONNULL = YES;
				CLANG_ANALYZER_NUMBER_OBJECT_CONVERSION = YES_AGGRESSIVE;
				CLANG_CXX_LANGUAGE_STANDARD = "gnu++14";
				CLANG_CXX_LIBRARY = "libc++";
				CLANG_ENABLE_MODULES = YES;
				CLANG_ENABLE_OBJC_ARC = YES;
				CLANG_ENABLE_OBJC_WEAK = YES;
				CLANG_WARN_BLOCK_CAPTURE_AUTORELEASING = YES;
				CLANG_WARN_BOOL_CONVERSION = YES;
				CLANG_WARN_COMMA = YES;
				CLANG_WARN_CONSTANT_CONVERSION = YES;
				CLANG_WARN_DEPRECATED_OBJC_IMPLEMENTATIONS = YES;
				CLANG_WARN_DIRECT_OBJC_ISA_USAGE = YES_ERROR;
				CLANG_WARN_DOCUMENTATION_COMMENTS = YES;
				CLANG_WARN_EMPTY_BODY = YES;
				CLANG_WARN_ENUM_CONVERSION = YES;
				CLANG_WARN_INFINITE_RECURSION = YES;
				CLANG_WARN_INT_CONVERSION = YES;
				CLANG_WARN_NON_LITERAL_NULL_CONVERSION = YES;
				CLANG_WARN_OBJC_IMPLICIT_RETAIN_SELF = YES;
				CLANG_WARN_OBJC_LITERAL_CONVERSION = YES;
				CLANG_WARN_OBJC_ROOT_CLASS = YES_ERROR;
				CLANG_WARN_RANGE_LOOP_ANALYSIS = YES;
				CLANG_WARN_STRICT_PROTOTYPES = YES;
				CLANG_WARN_SUSPICIOUS_MOVE = YES;
				CLANG_WARN_UNGUARDED_AVAILABILITY = YES_AGGRESSIVE;
				CLANG_WARN_UNREACHABLE_CODE = YES;
				CLANG_WARN__DUPLICATE_METHOD_MATCH = YES;
				COPY_PHASE_STRIP = NO;
				DEBUG_INFORMATION_FORMAT = "dwarf-with-dsym";
				ENABLE_NS_ASSERTIONS = NO;
				ENABLE_STRICT_OBJC_MSGSEND = YES;
				GCC_C_LANGUAGE_STANDARD = gnu11;
				GCC_NO_COMMON_BLOCKS = YES;
				GCC_WARN_64_TO_32_BIT_CONVERSION = YES;
				GCC_WARN_ABOUT_RETURN_TYPE = YES_ERROR;
				GCC_WARN_UNDECLARED_SELECTOR = YES;
				GCC_WARN_UNINITIALIZED_AUTOS = YES_AGGRESSIVE;
				GCC_WARN_UNUSED_FUNCTION = YES;
				GCC_WARN_UNUSED_VARIABLE = YES;
				IPHONEOS_DEPLOYMENT_TARGET = 13.2;
				MTL_ENABLE_DEBUG_INFO = NO;
				MTL_FAST_MATH = YES;
				SDKROOT = iphoneos;
				SWIFT_COMPILATION_MODE = wholemodule;
				SWIFT_OPTIMIZATION_LEVEL = "-O";
				VALIDATE_PRODUCT = YES;
			};
			name = Release;
		};
		CB8C2A0D237E2F9D001F2A9D /* Debug */ = {
			isa = XCBuildConfiguration;
			buildSettings = {
				ASSETCATALOG_COMPILER_APPICON_NAME = AppIcon;
				CODE_SIGN_STYLE = Automatic;
				DEVELOPMENT_TEAM = 357SCH38Y3;
				INFOPLIST_FILE = Baluchon/Info.plist;
				LD_RUNPATH_SEARCH_PATHS = (
					"$(inherited)",
					"@executable_path/Frameworks",
				);
				PRODUCT_BUNDLE_IDENTIFIER = com.PeyronyFlorian.Baluchon;
				PRODUCT_NAME = "$(TARGET_NAME)";
				SWIFT_VERSION = 5.0;
				TARGETED_DEVICE_FAMILY = "1,2";
			};
			name = Debug;
		};
		CB8C2A0E237E2F9D001F2A9D /* Release */ = {
			isa = XCBuildConfiguration;
			buildSettings = {
				ASSETCATALOG_COMPILER_APPICON_NAME = AppIcon;
				CODE_SIGN_STYLE = Automatic;
				DEVELOPMENT_TEAM = 357SCH38Y3;
				INFOPLIST_FILE = Baluchon/Info.plist;
				LD_RUNPATH_SEARCH_PATHS = (
					"$(inherited)",
					"@executable_path/Frameworks",
				);
				PRODUCT_BUNDLE_IDENTIFIER = com.PeyronyFlorian.Baluchon;
				PRODUCT_NAME = "$(TARGET_NAME)";
				SWIFT_VERSION = 5.0;
				TARGETED_DEVICE_FAMILY = "1,2";
			};
			name = Release;
		};
		CB8C2A10237E2F9D001F2A9D /* Debug */ = {
			isa = XCBuildConfiguration;
			buildSettings = {
				ALWAYS_EMBED_SWIFT_STANDARD_LIBRARIES = YES;
				BUNDLE_LOADER = "$(TEST_HOST)";
				CODE_SIGN_STYLE = Automatic;
				DEVELOPMENT_TEAM = 357SCH38Y3;
				INFOPLIST_FILE = BaluchonTests/Info.plist;
				IPHONEOS_DEPLOYMENT_TARGET = 13.2;
				LD_RUNPATH_SEARCH_PATHS = (
					"$(inherited)",
					"@executable_path/Frameworks",
					"@loader_path/Frameworks",
				);
				PRODUCT_BUNDLE_IDENTIFIER = com.PeyronyFlorian.BaluchonTests;
				PRODUCT_NAME = "$(TARGET_NAME)";
				SWIFT_VERSION = 5.0;
				TARGETED_DEVICE_FAMILY = "1,2";
				TEST_HOST = "$(BUILT_PRODUCTS_DIR)/Baluchon.app/Baluchon";
			};
			name = Debug;
		};
		CB8C2A11237E2F9D001F2A9D /* Release */ = {
			isa = XCBuildConfiguration;
			buildSettings = {
				ALWAYS_EMBED_SWIFT_STANDARD_LIBRARIES = YES;
				BUNDLE_LOADER = "$(TEST_HOST)";
				CODE_SIGN_STYLE = Automatic;
				DEVELOPMENT_TEAM = 357SCH38Y3;
				INFOPLIST_FILE = BaluchonTests/Info.plist;
				IPHONEOS_DEPLOYMENT_TARGET = 13.2;
				LD_RUNPATH_SEARCH_PATHS = (
					"$(inherited)",
					"@executable_path/Frameworks",
					"@loader_path/Frameworks",
				);
				PRODUCT_BUNDLE_IDENTIFIER = com.PeyronyFlorian.BaluchonTests;
				PRODUCT_NAME = "$(TARGET_NAME)";
				SWIFT_VERSION = 5.0;
				TARGETED_DEVICE_FAMILY = "1,2";
				TEST_HOST = "$(BUILT_PRODUCTS_DIR)/Baluchon.app/Baluchon";
			};
			name = Release;
		};
		CB8C2A13237E2F9D001F2A9D /* Debug */ = {
			isa = XCBuildConfiguration;
			buildSettings = {
				ALWAYS_EMBED_SWIFT_STANDARD_LIBRARIES = YES;
				CODE_SIGN_STYLE = Automatic;
				DEVELOPMENT_TEAM = 357SCH38Y3;
				INFOPLIST_FILE = BaluchonUITests/Info.plist;
				LD_RUNPATH_SEARCH_PATHS = (
					"$(inherited)",
					"@executable_path/Frameworks",
					"@loader_path/Frameworks",
				);
				PRODUCT_BUNDLE_IDENTIFIER = com.PeyronyFlorian.BaluchonUITests;
				PRODUCT_NAME = "$(TARGET_NAME)";
				SWIFT_VERSION = 5.0;
				TARGETED_DEVICE_FAMILY = "1,2";
				TEST_TARGET_NAME = Baluchon;
			};
			name = Debug;
		};
		CB8C2A14237E2F9D001F2A9D /* Release */ = {
			isa = XCBuildConfiguration;
			buildSettings = {
				ALWAYS_EMBED_SWIFT_STANDARD_LIBRARIES = YES;
				CODE_SIGN_STYLE = Automatic;
				DEVELOPMENT_TEAM = 357SCH38Y3;
				INFOPLIST_FILE = BaluchonUITests/Info.plist;
				LD_RUNPATH_SEARCH_PATHS = (
					"$(inherited)",
					"@executable_path/Frameworks",
					"@loader_path/Frameworks",
				);
				PRODUCT_BUNDLE_IDENTIFIER = com.PeyronyFlorian.BaluchonUITests;
				PRODUCT_NAME = "$(TARGET_NAME)";
				SWIFT_VERSION = 5.0;
				TARGETED_DEVICE_FAMILY = "1,2";
				TEST_TARGET_NAME = Baluchon;
			};
			name = Release;
		};
/* End XCBuildConfiguration section */

/* Begin XCConfigurationList section */
		CB8C29DD237E2F92001F2A9D /* Build configuration list for PBXProject "Baluchon" */ = {
			isa = XCConfigurationList;
			buildConfigurations = (
				CB8C2A0A237E2F9D001F2A9D /* Debug */,
				CB8C2A0B237E2F9D001F2A9D /* Release */,
			);
			defaultConfigurationIsVisible = 0;
			defaultConfigurationName = Release;
		};
		CB8C2A0C237E2F9D001F2A9D /* Build configuration list for PBXNativeTarget "Baluchon" */ = {
			isa = XCConfigurationList;
			buildConfigurations = (
				CB8C2A0D237E2F9D001F2A9D /* Debug */,
				CB8C2A0E237E2F9D001F2A9D /* Release */,
			);
			defaultConfigurationIsVisible = 0;
			defaultConfigurationName = Release;
		};
		CB8C2A0F237E2F9D001F2A9D /* Build configuration list for PBXNativeTarget "BaluchonTests" */ = {
			isa = XCConfigurationList;
			buildConfigurations = (
				CB8C2A10237E2F9D001F2A9D /* Debug */,
				CB8C2A11237E2F9D001F2A9D /* Release */,
			);
			defaultConfigurationIsVisible = 0;
			defaultConfigurationName = Release;
		};
		CB8C2A12237E2F9D001F2A9D /* Build configuration list for PBXNativeTarget "BaluchonUITests" */ = {
			isa = XCConfigurationList;
			buildConfigurations = (
				CB8C2A13237E2F9D001F2A9D /* Debug */,
				CB8C2A14237E2F9D001F2A9D /* Release */,
			);
			defaultConfigurationIsVisible = 0;
			defaultConfigurationName = Release;
		};
/* End XCConfigurationList section */
	};
	rootObject = CB8C29DA237E2F92001F2A9D /* Project object */;
}
